{
  "name": "@material/dialog",
  "version": "0.3.3",
  "lockfileVersion": 1,
  "dependencies": {
    "@material/typography": {
      "version": "0.1.1",
      "resolved": "https://registry.npmjs.org/@material/typography/-/typography-0.1.1.tgz",
      "integrity": "sha1-+y40N70yhNOen7kUhXZ63msr0ME="
    },
    "focus-trap": {
      "version": "2.3.0",
      "resolved": "https://registry.npmjs.org/focus-trap/-/focus-trap-2.3.0.tgz",
      "integrity": "sha1-B8kZZIZ9NGMV9PX434i/lkVTFuI="
    },
    "tabbable": {
      "version": "1.0.6",
      "resolved": "https://registry.npmjs.org/tabbable/-/tabbable-1.0.6.tgz",
      "integrity": "sha1-fCaofqb0ol7fXtthl0WgrnQHJPw="
    }
  }
}
